github.com/Maldris/mathparse v0.0.0-20170508133428-f0d009a7a773 h1:wlDWiY/VYdEGdBQmLBqNHyqSC+Kbdk3tHMX0BWKRjDg=
github.com/Maldris/mathparse v0.0.0-20170508133428-f0d009a7a773/go.mod h1:3OrYs+fU1ZL6zdhMSS+nSOlv4BV/MYPbjtmT9v3xCWg=
github.com/joho/godotenv v1.3.0 h1:Zjp+RcGpHhGlrMbJzXTrZZPrWj+1vfm90La1wgB6Bhc=
github.com/joho/godotenv v1.3.0/go.mod h1:7hK45KPybAkOC6peb+G5yklZfMxEjkZhHbwpqxOKXbg=
github.com/line/line-bot-sdk-go v1.3.0 h1:bYwGgbUrYbvTEJ8oOT18rmkclJOCB1RtLwYVZ97ello=
github.com/line/line-bot-sdk-go v7.8.0+incompatible h1:Uf9/OxV0zCVfqyvwZPH8CrdiHXXmMRa/L91G3btQblQ=
github.com/line/line-bot-sdk-go v7.8.0+incompatible/go.mod h1:0RjLjJEAU/3GIcHkC3av6O4jInAbt25nnZVmOFUgDBg=
